
Microsoft Visual Studio Solution File, Format Version 12.00
# Visual Studio Version 17
VisualStudioVersion = 17.11.35327.3
MinimumVisualStudioVersion = 10.0.40219.1
Project("{FAE04EC0-301F-11D3-BF4B-00C04F79EFBC}") = "UlasimUygulama", "UlasimUygulama\UlasimUygulama.csproj", "{197A619B-5331-4E07-AA3E-1AA9BBB34FEA}"
EndProject
Global
	GlobalSection(SolutionConfigurationPlatforms) = preSolution
		Debug|Any CPU = Debug|Any CPU
		Release|Any CPU = Release|Any CPU
	EndGlobalSection
	GlobalSection(ProjectConfigurationPlatforms) = postSolution
		{197A619B-5331-4E07-AA3E-1AA9BBB34FEA}.Debug|Any CPU.ActiveCfg = Debug|Any CPU
		{197A619B-5331-4E07-AA3E-1AA9BBB34FEA}.Debug|Any CPU.Build.0 = Debug|Any CPU
		{197A619B-5331-4E07-AA3E-1AA9BBB34FEA}.Release|Any CPU.ActiveCfg = Release|Any CPU
		{197A619B-5331-4E07-AA3E-1AA9BBB34FEA}.Release|Any CPU.Build.0 = Release|Any CPU
	EndGlobalSection
	GlobalSection(SolutionProperties) = preSolution
		HideSolutionNode = FALSE
	EndGlobalSection
	GlobalSection(ExtensibilityGlobals) = postSolution
		SolutionGuid = {F93A2394-B8E2-4A45-AA68-2B8CAB638EF1}
	EndGlobalSection
EndGlobal
